
Microsoft Visual Studio Solution File, Format Version 12.00
# Visual Studio Version 17
VisualStudioVersion = 17.8.34309.116
MinimumVisualStudioVersion = 10.0.40219.1
Project("{FAE04EC0-301F-11D3-BF4B-00C04F79EFBC}") = "TP#1", "TP#1\TP#1.csproj", "{7D2F02BE-1ECE-4535-9377-E8607407A2A4}"
EndProject
Global
	GlobalSection(SolutionConfigurationPlatforms) = preSolution
		Debug|Any CPU = Debug|Any CPU
		Release|Any CPU = Release|Any CPU
	EndGlobalSection
	GlobalSection(ProjectConfigurationPlatforms) = postSolution
		{7D2F02BE-1ECE-4535-9377-E8607407A2A4}.Debug|Any CPU.ActiveCfg = Debug|Any CPU
		{7D2F02BE-1ECE-4535-9377-E8607407A2A4}.Debug|Any CPU.Build.0 = Debug|Any CPU
		{7D2F02BE-1ECE-4535-9377-E8607407A2A4}.Release|Any CPU.ActiveCfg = Release|Any CPU
		{7D2F02BE-1ECE-4535-9377-E8607407A2A4}.Release|Any CPU.Build.0 = Release|Any CPU
	EndGlobalSection
	GlobalSection(SolutionProperties) = preSolution
		HideSolutionNode = FALSE
	EndGlobalSection
	GlobalSection(ExtensibilityGlobals) = postSolution
		SolutionGuid = {D1278075-56B8-46C8-B94F-1A2A7F8CEF49}
	EndGlobalSection
EndGlobal
